<Solution>
  <Project Path="16.1/16.1.csproj" Id="2ca89afb-e497-43cb-8ab2-f72feed69bce" />
  <Project Path="16.2/16.2.csproj" Id="44da8d39-2722-4984-9236-eb5c4369ebd9" />
  <Project Path="16.3/16.3.csproj" Id="870e9927-c8e5-4a9c-ba3e-70e22b9cbe1b" />
  <Project Path="16.4/16.4.csproj" Id="f4ff744d-30b5-45d7-bb4d-ae5ffa8351a1" />
</Solution>
