<Solution>
  <Project Path="24.1/24.7.csproj" Id="241ce865-7690-4561-8805-b3f1907f3cc2" />
  <Project Path="24.10/24.10.csproj" Id="37a96b95-d4b0-4018-b445-6e58c9325399" />
  <Project Path="24.8/24.8.csproj" Id="9e0644e9-34f6-403c-93f9-aa430f21a6db" />
  <Project Path="24.9/24.9.csproj" Id="c5dd8494-0c5e-46fe-a06e-9cc06d58ed5d" />
</Solution>
