<Solution>
  <Project Path="14.1/14.1.csproj" Id="a212e92e-84d8-4d5c-8a65-ba0cf93a35c7" />
  <Project Path="14.2/14.2.csproj" Id="f7768421-7560-43ab-8ef8-a81ae362df3b" />
  <Project Path="14.3/14.3.csproj" Id="59b6d707-9077-41c8-a4f7-2a0143a3b2e5" />
  <Project Path="14.4/14.4.csproj" Id="71eeccc6-bac0-4fe7-a56b-31bd9b661af3" />
</Solution>
