<Solution>
  <Project Path="22.1/22.1.csproj" Id="aeb74385-c649-468f-9357-5e3b7b34f0f5" />
  <Project Path="23.2/23.2.csproj" Id="1bbb5c4d-127a-4693-bf4f-d2b3f82c24d8" />
  <Project Path="23.3/23.3.csproj" Id="f5ffead2-37c5-42da-806a-6f2934e2d4da" />
  <Project Path="23.4/23.4.csproj" Id="8835b2e5-1da1-4407-9e54-27fde21b6c8d" />
  <Project Path="23.5/23.5.csproj" Id="91cc8892-20aa-4f3f-8d3a-8fe20d652f5c" />
  <Project Path="23.6/23.6.csproj" Id="a0a9975e-9539-4dd9-88b2-622b98c8ce7a" />
</Solution>
